
Microsoft Visual Studio Solution File, Format Version 12.00
# Visual Studio 15
VisualStudioVersion = 15.0.27130.2020
MinimumVisualStudioVersion = 10.0.40219.1
Project("{FAE04EC0-301F-11D3-BF4B-00C04F79EFBC}") = "blog-do-willian", "blog-do-willian\blog-do-willian.csproj", "{D319A022-5788-4D4C-93B6-788443FB1B62}"
EndProject
Global
	GlobalSection(SolutionConfigurationPlatforms) = preSolution
		Debug|Any CPU = Debug|Any CPU
		Release|Any CPU = Release|Any CPU
	EndGlobalSection
	GlobalSection(ProjectConfigurationPlatforms) = postSolution
		{D319A022-5788-4D4C-93B6-788443FB1B62}.Debug|Any CPU.ActiveCfg = Debug|Any CPU
		{D319A022-5788-4D4C-93B6-788443FB1B62}.Debug|Any CPU.Build.0 = Debug|Any CPU
		{D319A022-5788-4D4C-93B6-788443FB1B62}.Release|Any CPU.ActiveCfg = Release|Any CPU
		{D319A022-5788-4D4C-93B6-788443FB1B62}.Release|Any CPU.Build.0 = Release|Any CPU
	EndGlobalSection
	GlobalSection(SolutionProperties) = preSolution
		HideSolutionNode = FALSE
	EndGlobalSection
	GlobalSection(ExtensibilityGlobals) = postSolution
		SolutionGuid = {4DB586EF-928E-4163-80D7-F32CB8490AB8}
	EndGlobalSection
EndGlobal
